
Microsoft Visual Studio Solution File, Format Version 12.00
# Visual Studio Version 17
VisualStudioVersion = 17.14.36518.9 d17.14
MinimumVisualStudioVersion = 10.0.40219.1
Project("{FAE04EC0-301F-11D3-BF4B-00C04F79EFBC}") = "NSWFuelFinder", "NSWFuelFinder.csproj", "{DFEDA4A0-2656-41D3-8D44-4EEFCED76496}"
EndProject
Global
	GlobalSection(SolutionConfigurationPlatforms) = preSolution
		Debug|Any CPU = Debug|Any CPU
		Release|Any CPU = Release|Any CPU
	EndGlobalSection
	GlobalSection(ProjectConfigurationPlatforms) = postSolution
		{DFEDA4A0-2656-41D3-8D44-4EEFCED76496}.Debug|Any CPU.ActiveCfg = Debug|Any CPU
		{DFEDA4A0-2656-41D3-8D44-4EEFCED76496}.Debug|Any CPU.Build.0 = Debug|Any CPU
		{DFEDA4A0-2656-41D3-8D44-4EEFCED76496}.Release|Any CPU.ActiveCfg = Release|Any CPU
		{DFEDA4A0-2656-41D3-8D44-4EEFCED76496}.Release|Any CPU.Build.0 = Release|Any CPU
	EndGlobalSection
	GlobalSection(SolutionProperties) = preSolution
		HideSolutionNode = FALSE
	EndGlobalSection
	GlobalSection(ExtensibilityGlobals) = postSolution
		SolutionGuid = {673A0F6D-EA3E-48C4-8601-07CDA4B72277}
	EndGlobalSection
EndGlobal
